lockfileVersion: 5.4

specifiers:
  '@ryyppy/rescript-promise': ^2.1.0
  rescript: '*'

dependencies:
  '@ryyppy/rescript-promise': 2.1.0
  rescript: 10.0.1

packages:

  /@ryyppy/rescript-promise/2.1.0:
    resolution: {integrity: sha512-+dW6msBrj2Lr2hbEMX+HoWCvN89qVjl94RwbYWJgHQuj8jm/izdPC0YzxgpGoEFdeAEW2sOozoLcYHxT6o5WXQ==}
    dev: false

  /rescript/10.0.1:
    resolution: {integrity: sha512-XwO1GPDtoEU4H03xQE5bp0/qtSVR6YLaJRPxWKrfFgKc+LI36ODOCie7o9UJfgzQdoMYkkZyiTGZ4N9OQEaiUw==}
    hasBin: true
    requiresBuild: true
    dev: false
